
Microsoft Visual Studio Solution File, Format Version 12.00
# Visual Studio Version 16
VisualStudioVersion = 16.0.31112.23
MinimumVisualStudioVersion = 10.0.40219.1
Project("{8BC9CEB8-8B4A-11D0-8D11-00A0C91BC942}") = "palettize", "palettize\palettize.vcxproj", "{13D52105-B57F-4686-82C0-7E08897BBEF1}"
EndProject
Global
	GlobalSection(SolutionConfigurationPlatforms) = preSolution
		Debug|x64 = Debug|x64
		Debug|x86 = Debug|x86
		Release|x64 = Release|x64
		Release|x86 = Release|x86
	EndGlobalSection
	GlobalSection(ProjectConfigurationPlatforms) = postSolution
		{13D52105-B57F-4686-82C0-7E08897BBEF1}.Debug|x64.ActiveCfg = Debug|x64
		{13D52105-B57F-4686-82C0-7E08897BBEF1}.Debug|x64.Build.0 = Debug|x64
		{13D52105-B57F-4686-82C0-7E08897BBEF1}.Debug|x86.ActiveCfg = Debug|Win32
		{13D52105-B57F-4686-82C0-7E08897BBEF1}.Debug|x86.Build.0 = Debug|Win32
		{13D52105-B57F-4686-82C0-7E08897BBEF1}.Release|x64.ActiveCfg = Release|x64
		{13D52105-B57F-4686-82C0-7E08897BBEF1}.Release|x64.Build.0 = Release|x64
		{13D52105-B57F-4686-82C0-7E08897BBEF1}.Release|x86.ActiveCfg = Release|Win32
		{13D52105-B57F-4686-82C0-7E08897BBEF1}.Release|x86.Build.0 = Release|Win32
	EndGlobalSection
	GlobalSection(SolutionProperties) = preSolution
		HideSolutionNode = FALSE
	EndGlobalSection
	GlobalSection(ExtensibilityGlobals) = postSolution
		SolutionGuid = {E358AD22-3E14-46EA-9E6B-FD16B33C11CE}
	EndGlobalSection
EndGlobal
